SITE
  remote: http://community.opscode.com/api/v1
  specs:
    bluepill (2.3.1)
      rsyslog (>= 0.0.0)
    chef_handler (1.1.5)
    dmg (2.2.0)
    git (2.10.0)
      build-essential (>= 0.0.0)
      dmg (>= 0.0.0)
      runit (>= 1.0.0)
      windows (>= 0.0.0)
      yum (~> 3.0)
      yum-epel (>= 0.0.0)
    ohai (1.1.12)
    openssl (1.1.0)
    rsyslog (1.11.0)
    runit (1.5.8)
      build-essential (>= 0.0.0)
      yum (~> 3.0)
      yum-epel (>= 0.0.0)
    windows (1.30.0)
      chef_handler (>= 0.0.0)
    yum (3.1.2)
    yum-epel (0.3.4)
      yum (~> 3.0)

GIT
  remote: https://github.com/opscode-cookbooks/apt.git
  ref: master
  sha: 8ef28bceaa6a9eded47e640d26df4a6f3a80320c
  specs:
    apt (2.3.9)

GIT
  remote: https://github.com/opscode-cookbooks/build-essential.git
  ref: master
  sha: 9eea6e1486754c0a5e700d767a62bde7d69c3194
  specs:
    build-essential (1.4.3)

GIT
  remote: https://github.com/opscode-cookbooks/nginx.git
  ref: master
  sha: bebd1cdd8005179b9c913e4f303bb0d1de2184f2
  specs:
    nginx (2.3.0)
      apt (~> 2.2)
      bluepill (~> 2.3)
      build-essential (~> 1.4)
      ohai (~> 1.1)
      runit (~> 1.2)
      yum (~> 3.0)
      yum-epel (>= 0.0.0)

GIT
  remote: https://github.com/opscode-cookbooks/postgresql.git
  ref: master
  sha: 5800238828b443725442fe510ec4f5308ed9ce8b
  specs:
    postgresql (3.3.4)
      apt (>= 0.0.0)
      build-essential (>= 0.0.0)
      openssl (>= 0.0.0)

GIT
  remote: https://github.com/opscode-cookbooks/python.git
  ref: master
  sha: 574ad93c308f77cf6a3d40237be806033cfabde9
  specs:
    python (1.4.7)
      build-essential (>= 0.0.0)
      yum-epel (>= 0.0.0)

PATH
  remote: default
  specs:
    default (0.2.0)

PATH
  remote: django-native-deps
  specs:
    django-native-deps (0.1.0)

DEPENDENCIES
  apt (>= 0)
  build-essential (>= 0)
  default (>= 0)
  django-native-deps (>= 0)
  git (>= 0)
  nginx (>= 0)
  postgresql (>= 0)
  python (>= 0)

